
Microsoft Visual Studio Solution File, Format Version 12.00
# Visual Studio Version 16
VisualStudioVersion = 16.0.29709.97
MinimumVisualStudioVersion = 10.0.40219.1
Project("{FAE04EC0-301F-11D3-BF4B-00C04F79EFBC}") = "DnsFunction", "DnsFunction\DnsFunction.csproj", "{7BCA51D1-8CEC-48E1-AE9B-F76AFA2AF937}"
EndProject
Global
	GlobalSection(SolutionConfigurationPlatforms) = preSolution
		Debug|Any CPU = Debug|Any CPU
		Release|Any CPU = Release|Any CPU
	EndGlobalSection
	GlobalSection(ProjectConfigurationPlatforms) = postSolution
		{7BCA51D1-8CEC-48E1-AE9B-F76AFA2AF937}.Debug|Any CPU.ActiveCfg = Debug|Any CPU
		{7BCA51D1-8CEC-48E1-AE9B-F76AFA2AF937}.Debug|Any CPU.Build.0 = Debug|Any CPU
		{7BCA51D1-8CEC-48E1-AE9B-F76AFA2AF937}.Release|Any CPU.ActiveCfg = Release|Any CPU
		{7BCA51D1-8CEC-48E1-AE9B-F76AFA2AF937}.Release|Any CPU.Build.0 = Release|Any CPU
	EndGlobalSection
	GlobalSection(SolutionProperties) = preSolution
		HideSolutionNode = FALSE
	EndGlobalSection
	GlobalSection(ExtensibilityGlobals) = postSolution
		SolutionGuid = {FD87304B-BB1E-4AE3-BA79-1EC7759C9FCA}
	EndGlobalSection
EndGlobal
